
Microsoft Visual Studio Solution File, Format Version 12.00
# Visual Studio Version 17
VisualStudioVersion = 17.14.36408.4 d17.14
MinimumVisualStudioVersion = 10.0.40219.1
Project("{FAE04EC0-301F-11D3-BF4B-00C04F79EFBC}") = "PortfolioBlazorServer", "PortfolioBlazorServer\PortfolioBlazorServer.csproj", "{29EAB3F1-D819-4783-B659-B4FA380DE862}"
EndProject
Global
	GlobalSection(SolutionConfigurationPlatforms) = preSolution
		Debug|Any CPU = Debug|Any CPU
		Release|Any CPU = Release|Any CPU
	EndGlobalSection
	GlobalSection(ProjectConfigurationPlatforms) = postSolution
		{29EAB3F1-D819-4783-B659-B4FA380DE862}.Debug|Any CPU.ActiveCfg = Debug|Any CPU
		{29EAB3F1-D819-4783-B659-B4FA380DE862}.Debug|Any CPU.Build.0 = Debug|Any CPU
		{29EAB3F1-D819-4783-B659-B4FA380DE862}.Release|Any CPU.ActiveCfg = Release|Any CPU
		{29EAB3F1-D819-4783-B659-B4FA380DE862}.Release|Any CPU.Build.0 = Release|Any CPU
	EndGlobalSection
	GlobalSection(SolutionProperties) = preSolution
		HideSolutionNode = FALSE
	EndGlobalSection
	GlobalSection(ExtensibilityGlobals) = postSolution
		SolutionGuid = {62F1F29F-422E-4F11-B805-55D98F2D8193}
	EndGlobalSection
EndGlobal
